<?xml version="1.0" encoding="utf-8"?>
<Project ToolsVersion="4.0" xmlns="http://schemas.microsoft.com/developer/msbuild/2003">
  <ItemGroup>
    <Filter Include="源文件">
      <UniqueIdentifier>{4FC737F1-C7A5-4376-A066-2A32D752A2FF}</UniqueIdentifier>
      <Extensions>cpp;c;cc;cxx;def;odl;idl;hpj;bat;asm;asmx</Extensions>
    </Filter>
    <Filter Include="头文件">
      <UniqueIdentifier>{93995380-89BD-4b04-88EB-625FBE52EBFB}</UniqueIdentifier>
      <Extensions>h;hh;hpp;hxx;hm;inl;inc;xsd</Extensions>
    </Filter>
    <Filter Include="资源文件">
      <UniqueIdentifier>{67DA6AB6-F800-4c08-8B7A-83BB121AAD01}</UniqueIdentifier>
      <Extensions>rc;ico;cur;bmp;dlg;rc2;rct;bin;rgs;gif;jpg;jpeg;jpe;resx;tiff;tif;png;wav;mfcribbon-ms</Extensions>
    </Filter>
    <Filter Include="csv">
      <UniqueIdentifier>{4fc45fbe-e028-43db-8fa8-1ba495f480e8}</UniqueIdentifier>
    </Filter>
    <Filter Include="bitrequest">
      <UniqueIdentifier>{ff23ebd2-4e44-46aa-a63f-ef7070b8b9bc}</UniqueIdentifier>
    </Filter>
  </ItemGroup>
  <ItemGroup>
    <Text Include="ReadMe.txt" />
  </ItemGroup>
  <ItemGroup>
    <ClInclude Include="MinerTool.h">
      <Filter>头文件</Filter>
    </ClInclude>
    <ClInclude Include="stdafx.h">
      <Filter>头文件</Filter>
    </ClInclude>
    <ClInclude Include="targetver.h">
      <Filter>头文件</Filter>
    </ClInclude>
    <ClInclude Include="MainFrm.h">
      <Filter>头文件</Filter>
    </ClInclude>
    <ClInclude Include="MinerToolDoc.h">
      <Filter>头文件</Filter>
    </ClInclude>
    <ClInclude Include="MinerToolView.h">
      <Filter>头文件</Filter>
    </ClInclude>
    <ClInclude Include="Resource.h">
      <Filter>头文件</Filter>
    </ClInclude>
    <ClInclude Include="DialogVol.h">
      <Filter>头文件</Filter>
    </ClInclude>
    <ClInclude Include="DialogPool.h">
      <Filter>头文件</Filter>
    </ClInclude>
    <ClInclude Include="DialogFirmware.h">
      <Filter>头文件</Filter>
    </ClInclude>
    <ClInclude Include="dev_info.h">
      <Filter>头文件</Filter>
    </ClInclude>
    <ClInclude Include="dev_pool.h">
      <Filter>头文件</Filter>
    </ClInclude>
    <ClInclude Include="miner_info.h">
      <Filter>头文件</Filter>
    </ClInclude>
    <ClInclude Include="stlstr.h">
      <Filter>头文件</Filter>
    </ClInclude>
    <ClInclude Include="csv.h">
      <Filter>csv</Filter>
    </ClInclude>
    <ClInclude Include="csv\csv.hpp">
      <Filter>csv</Filter>
    </ClInclude>
    <ClInclude Include="csv\document.hpp">
      <Filter>csv</Filter>
    </ClInclude>
    <ClInclude Include="csv\types.hpp">
      <Filter>csv</Filter>
    </ClInclude>
    <ClInclude Include="csv\writer.hpp">
      <Filter>csv</Filter>
    </ClInclude>
    <ClInclude Include="bitminner.h">
      <Filter>bitrequest</Filter>
    </ClInclude>
  </ItemGroup>
  <ItemGroup>
    <ClCompile Include="MinerTool.cpp">
      <Filter>源文件</Filter>
    </ClCompile>
    <ClCompile Include="stdafx.cpp">
      <Filter>源文件</Filter>
    </ClCompile>
    <ClCompile Include="MainFrm.cpp">
      <Filter>源文件</Filter>
    </ClCompile>
    <ClCompile Include="MinerToolDoc.cpp">
      <Filter>源文件</Filter>
    </ClCompile>
    <ClCompile Include="MinerToolView.cpp">
      <Filter>源文件</Filter>
    </ClCompile>
    <ClCompile Include="DialogVol.cpp">
      <Filter>源文件</Filter>
    </ClCompile>
    <ClCompile Include="DialogPool.cpp">
      <Filter>源文件</Filter>
    </ClCompile>
    <ClCompile Include="DialogFirmware.cpp">
      <Filter>源文件</Filter>
    </ClCompile>
    <ClCompile Include="dev_info.cpp">
      <Filter>源文件</Filter>
    </ClCompile>
    <ClCompile Include="dev_pool.cpp">
      <Filter>源文件</Filter>
    </ClCompile>
    <ClCompile Include="miner_info.cpp">
      <Filter>源文件</Filter>
    </ClCompile>
    <ClCompile Include="stlstr.cpp">
      <Filter>源文件</Filter>
    </ClCompile>
    <ClCompile Include="writer.cpp">
      <Filter>csv</Filter>
    </ClCompile>
    <ClCompile Include="bitminner.cpp">
      <Filter>bitrequest</Filter>
    </ClCompile>
  </ItemGroup>
  <ItemGroup>
    <ResourceCompile Include="MinerTool.rc">
      <Filter>资源文件</Filter>
    </ResourceCompile>
  </ItemGroup>
  <ItemGroup>
    <None Include="res\MinerTool.rc2">
      <Filter>资源文件</Filter>
    </None>
  </ItemGroup>
  <ItemGroup>
    <Image Include="res\MinerToolDoc.ico">
      <Filter>资源文件</Filter>
    </Image>
    <Image Include="res\MinerTool.ico">
      <Filter>资源文件</Filter>
    </Image>
    <Image Include="res\Toolbar.bmp">
      <Filter>资源文件</Filter>
    </Image>
  </ItemGroup>
</Project>